
Microsoft Visual Studio Solution File, Format Version 12.00
# Visual Studio Version 16
VisualStudioVersion = 16.0.29728.190
MinimumVisualStudioVersion = 10.0.40219.1
Project("{FAE04EC0-301F-11D3-BF4B-00C04F79EFBC}") = "ReadExcelToTxt", "ConsoleApp1\ReadExcelToTxt.csproj", "{1222FCEA-115C-42B7-AC47-4A59B53D3B25}"
EndProject
Global
	GlobalSection(SolutionConfigurationPlatforms) = preSolution
		Debug|Any CPU = Debug|Any CPU
		Release|Any CPU = Release|Any CPU
	EndGlobalSection
	GlobalSection(ProjectConfigurationPlatforms) = postSolution
		{1222FCEA-115C-42B7-AC47-4A59B53D3B25}.Debug|Any CPU.ActiveCfg = Debug|Any CPU
		{1222FCEA-115C-42B7-AC47-4A59B53D3B25}.Debug|Any CPU.Build.0 = Debug|Any CPU
		{1222FCEA-115C-42B7-AC47-4A59B53D3B25}.Release|Any CPU.ActiveCfg = Release|Any CPU
		{1222FCEA-115C-42B7-AC47-4A59B53D3B25}.Release|Any CPU.Build.0 = Release|Any CPU
	EndGlobalSection
	GlobalSection(SolutionProperties) = preSolution
		HideSolutionNode = FALSE
	EndGlobalSection
	GlobalSection(ExtensibilityGlobals) = postSolution
		SolutionGuid = {ECEA7305-E881-421C-8A21-FDAB9CA0DD85}
	EndGlobalSection
EndGlobal
